// !$*UTF8*$!
{
	archiveVersion = 1;
	classes = {
	};
	objectVersion = 56;
	objects = {

/* Begin PBXBuildFile section */
		74B660EC2C1CCCD700E53211 /* CaseService.docc in Sources */ = {isa = PBXBuildFile; fileRef = 74B660EB2C1CCCD700E53211 /* CaseService.docc */; };
		74B660F22C1CCCD700E53211 /* CaseService.framework in Frameworks */ = {isa = PBXBuildFile; fileRef = 74B660E72C1CCCD700E53211 /* CaseService.framework */; };
		74B660F72C1CCCD700E53211 /* CaseServiceTests.swift in Sources */ = {isa = PBXBuildFile; fileRef = 74B660F62C1CCCD700E53211 /* CaseServiceTests.swift */; };
		74B660F82C1CCCD700E53211 /* CaseService.h in Headers */ = {isa = PBXBuildFile; fileRef = 74B660EA2C1CCCD700E53211 /* CaseService.h */; settings = {ATTRIBUTES = (Public, ); }; };
		74B661032C1CCD1200E53211 /* Alamofire in Frameworks */ = {isa = PBXBuildFile; productRef = 74B661022C1CCD1200E53211 /* Alamofire */; };
		74B661052C1CCD1200E53211 /* AlamofireDynamic in Frameworks */ = {isa = PBXBuildFile; productRef = 74B661042C1CCD1200E53211 /* AlamofireDynamic */; };
		74B6610A2C1CCDB900E53211 /* URLs.plist in Resources */ = {isa = PBXBuildFile; fileRef = 74B661092C1CCDB900E53211 /* URLs.plist */; };
		74B6610B2C1CCDB900E53211 /* URLs.plist in Resources */ = {isa = PBXBuildFile; fileRef = 74B661092C1CCDB900E53211 /* URLs.plist */; };
		74B6610D2C1CCE9D00E53211 /* Rovers.swift in Sources */ = {isa = PBXBuildFile; fileRef = 74B6610C2C1CCE9D00E53211 /* Rovers.swift */; };
		74B6610E2C1CCE9D00E53211 /* Rovers.swift in Sources */ = {isa = PBXBuildFile; fileRef = 74B6610C2C1CCE9D00E53211 /* Rovers.swift */; };
		74B661102C1CCF7200E53211 /* Cameras.swift in Sources */ = {isa = PBXBuildFile; fileRef = 74B6610F2C1CCF7200E53211 /* Cameras.swift */; };
		74B661112C1CCF7200E53211 /* Cameras.swift in Sources */ = {isa = PBXBuildFile; fileRef = 74B6610F2C1CCF7200E53211 /* Cameras.swift */; };
		74B661132C1CD0AC00E53211 /* RoversResponse.swift in Sources */ = {isa = PBXBuildFile; fileRef = 74B661122C1CD0AC00E53211 /* RoversResponse.swift */; };
		74B661142C1CD0AC00E53211 /* RoversResponse.swift in Sources */ = {isa = PBXBuildFile; fileRef = 74B661122C1CD0AC00E53211 /* RoversResponse.swift */; };
		74B661162C1CD29400E53211 /* RoversService.swift in Sources */ = {isa = PBXBuildFile; fileRef = 74B661152C1CD29400E53211 /* RoversService.swift */; };
		74B661172C1CD29400E53211 /* RoversService.swift in Sources */ = {isa = PBXBuildFile; fileRef = 74B661152C1CD29400E53211 /* RoversService.swift */; };
		74B661192C1CD37700E53211 /* RoversServiceError.swift in Sources */ = {isa = PBXBuildFile; fileRef = 74B661182C1CD37700E53211 /* RoversServiceError.swift */; };
		74B6611A2C1CD37700E53211 /* RoversServiceError.swift in Sources */ = {isa = PBXBuildFile; fileRef = 74B661182C1CD37700E53211 /* RoversServiceError.swift */; };
		74B6611C2C1CD45C00E53211 /* ErrorHandler.swift in Sources */ = {isa = PBXBuildFile; fileRef = 74B6611B2C1CD45C00E53211 /* ErrorHandler.swift */; };
		74B6611D2C1CD45C00E53211 /* ErrorHandler.swift in Sources */ = {isa = PBXBuildFile; fileRef = 74B6611B2C1CD45C00E53211 /* ErrorHandler.swift */; };
		74B661202C1CD6B900E53211 /* URLManager.swift in Sources */ = {isa = PBXBuildFile; fileRef = 74B6611F2C1CD6B900E53211 /* URLManager.swift */; };
		74B661212C1CD6B900E53211 /* URLManager.swift in Sources */ = {isa = PBXBuildFile; fileRef = 74B6611F2C1CD6B900E53211 /* URLManager.swift */; };
/* End PBXBuildFile section */

/* Begin PBXContainerItemProxy section */
		74B660F32C1CCCD700E53211 /* PBXContainerItemProxy */ = {
			isa = PBXContainerItemProxy;
			containerPortal = 74B660DE2C1CCCD700E53211 /* Project object */;
			proxyType = 1;
			remoteGlobalIDString = 74B660E62C1CCCD700E53211;
			remoteInfo = CaseService;
		};
/* End PBXContainerItemProxy section */

/* Begin PBXFileReference section */
		74B660E72C1CCCD700E53211 /* CaseService.framework */ = {isa = PBXFileReference; explicitFileType = wrapper.framework; includeInIndex = 0; path = CaseService.framework; sourceTree = BUILT_PRODUCTS_DIR; };
		74B660EA2C1CCCD700E53211 /* CaseService.h */ = {isa = PBXFileReference; lastKnownFileType = sourcecode.c.h; path = CaseService.h; sourceTree = "<group>"; };
		74B660EB2C1CCCD700E53211 /* CaseService.docc */ = {isa = PBXFileReference; lastKnownFileType = folder.documentationcatalog; path = CaseService.docc; sourceTree = "<group>"; };
		74B660F12C1CCCD700E53211 /* CaseServiceTests.xctest */ = {isa = PBXFileReference; explicitFileType = wrapper.cfbundle; includeInIndex = 0; path = CaseServiceTests.xctest; sourceTree = BUILT_PRODUCTS_DIR; };
		74B660F62C1CCCD700E53211 /* CaseServiceTests.swift */ = {isa = PBXFileReference; lastKnownFileType = sourcecode.swift; path = CaseServiceTests.swift; sourceTree = "<group>"; };
		74B661092C1CCDB900E53211 /* URLs.plist */ = {isa = PBXFileReference; lastKnownFileType = text.plist.xml; path = URLs.plist; sourceTree = "<group>"; };
		74B6610C2C1CCE9D00E53211 /* Rovers.swift */ = {isa = PBXFileReference; lastKnownFileType = sourcecode.swift; path = Rovers.swift; sourceTree = "<group>"; };
		74B6610F2C1CCF7200E53211 /* Cameras.swift */ = {isa = PBXFileReference; lastKnownFileType = sourcecode.swift; path = Cameras.swift; sourceTree = "<group>"; };
		74B661122C1CD0AC00E53211 /* RoversResponse.swift */ = {isa = PBXFileReference; lastKnownFileType = sourcecode.swift; path = RoversResponse.swift; sourceTree = "<group>"; };
		74B661152C1CD29400E53211 /* RoversService.swift */ = {isa = PBXFileReference; lastKnownFileType = sourcecode.swift; path = RoversService.swift; sourceTree = "<group>"; };
		74B661182C1CD37700E53211 /* RoversServiceError.swift */ = {isa = PBXFileReference; lastKnownFileType = sourcecode.swift; path = RoversServiceError.swift; sourceTree = "<group>"; };
		74B6611B2C1CD45C00E53211 /* ErrorHandler.swift */ = {isa = PBXFileReference; lastKnownFileType = sourcecode.swift; path = ErrorHandler.swift; sourceTree = "<group>"; };
		74B6611F2C1CD6B900E53211 /* URLManager.swift */ = {isa = PBXFileReference; lastKnownFileType = sourcecode.swift; path = URLManager.swift; sourceTree = "<group>"; };
/* End PBXFileReference section */

/* Begin PBXFrameworksBuildPhase section */
		74B660E42C1CCCD700E53211 /* Frameworks */ = {
			isa = PBXFrameworksBuildPhase;
			buildActionMask = 2147483647;
			files = (
				74B661032C1CCD1200E53211 /* Alamofire in Frameworks */,
				74B661052C1CCD1200E53211 /* AlamofireDynamic in Frameworks */,
			);
			runOnlyForDeploymentPostprocessing = 0;
		};
		74B660EE2C1CCCD700E53211 /* Frameworks */ = {
			isa = PBXFrameworksBuildPhase;
			buildActionMask = 2147483647;
			files = (
				74B660F22C1CCCD700E53211 /* CaseService.framework in Frameworks */,
			);
			runOnlyForDeploymentPostprocessing = 0;
		};
/* End PBXFrameworksBuildPhase section */

/* Begin PBXGroup section */
		74B660DD2C1CCCD700E53211 = {
			isa = PBXGroup;
			children = (
				74B6611E2C1CD6AB00E53211 /* Manager */,
				74B661092C1CCDB900E53211 /* URLs.plist */,
				74B661082C1CCD4A00E53211 /* DTO */,
				74B661072C1CCD2700E53211 /* Response */,
				74B661062C1CCD1D00E53211 /* Service */,
				74B660E92C1CCCD700E53211 /* CaseService */,
				74B660F52C1CCCD700E53211 /* CaseServiceTests */,
				74B660E82C1CCCD700E53211 /* Products */,
			);
			sourceTree = "<group>";
		};
		74B660E82C1CCCD700E53211 /* Products */ = {
			isa = PBXGroup;
			children = (
				74B660E72C1CCCD700E53211 /* CaseService.framework */,
				74B660F12C1CCCD700E53211 /* CaseServiceTests.xctest */,
			);
			name = Products;
			sourceTree = "<group>";
		};
		74B660E92C1CCCD700E53211 /* CaseService */ = {
			isa = PBXGroup;
			children = (
				74B660EA2C1CCCD700E53211 /* CaseService.h */,
				74B660EB2C1CCCD700E53211 /* CaseService.docc */,
			);
			path = CaseService;
			sourceTree = "<group>";
		};
		74B660F52C1CCCD700E53211 /* CaseServiceTests */ = {
			isa = PBXGroup;
			children = (
				74B660F62C1CCCD700E53211 /* CaseServiceTests.swift */,
			);
			path = CaseServiceTests;
			sourceTree = "<group>";
		};
		74B661062C1CCD1D00E53211 /* Service */ = {
			isa = PBXGroup;
			children = (
				74B661152C1CD29400E53211 /* RoversService.swift */,
				74B661182C1CD37700E53211 /* RoversServiceError.swift */,
				74B6611B2C1CD45C00E53211 /* ErrorHandler.swift */,
			);
			path = Service;
			sourceTree = "<group>";
		};
		74B661072C1CCD2700E53211 /* Response */ = {
			isa = PBXGroup;
			children = (
				74B661122C1CD0AC00E53211 /* RoversResponse.swift */,
			);
			path = Response;
			sourceTree = "<group>";
		};
		74B661082C1CCD4A00E53211 /* DTO */ = {
			isa = PBXGroup;
			children = (
				74B6610C2C1CCE9D00E53211 /* Rovers.swift */,
				74B6610F2C1CCF7200E53211 /* Cameras.swift */,
			);
			path = DTO;
			sourceTree = "<group>";
		};
		74B6611E2C1CD6AB00E53211 /* Manager */ = {
			isa = PBXGroup;
			children = (
				74B6611F2C1CD6B900E53211 /* URLManager.swift */,
			);
			path = Manager;
			sourceTree = "<group>";
		};
/* End PBXGroup section */

/* Begin PBXHeadersBuildPhase section */
		74B660E22C1CCCD700E53211 /* Headers */ = {
			isa = PBXHeadersBuildPhase;
			buildActionMask = 2147483647;
			files = (
				74B660F82C1CCCD700E53211 /* CaseService.h in Headers */,
			);
			runOnlyForDeploymentPostprocessing = 0;
		};
/* End PBXHeadersBuildPhase section */

/* Begin PBXNativeTarget section */
		74B660E62C1CCCD700E53211 /* CaseService */ = {
			isa = PBXNativeTarget;
			buildConfigurationList = 74B660FB2C1CCCD700E53211 /* Build configuration list for PBXNativeTarget "CaseService" */;
			buildPhases = (
				74B660E22C1CCCD700E53211 /* Headers */,
				74B660E32C1CCCD700E53211 /* Sources */,
				74B660E42C1CCCD700E53211 /* Frameworks */,
				74B660E52C1CCCD700E53211 /* Resources */,
			);
			buildRules = (
			);
			dependencies = (
			);
			name = CaseService;
			packageProductDependencies = (
				74B661022C1CCD1200E53211 /* Alamofire */,
				74B661042C1CCD1200E53211 /* AlamofireDynamic */,
			);
			productName = CaseService;
			productReference = 74B660E72C1CCCD700E53211 /* CaseService.framework */;
			productType = "com.apple.product-type.framework";
		};
		74B660F02C1CCCD700E53211 /* CaseServiceTests */ = {
			isa = PBXNativeTarget;
			buildConfigurationList = 74B660FE2C1CCCD700E53211 /* Build configuration list for PBXNativeTarget "CaseServiceTests" */;
			buildPhases = (
				74B660ED2C1CCCD700E53211 /* Sources */,
				74B660EE2C1CCCD700E53211 /* Frameworks */,
				74B660EF2C1CCCD700E53211 /* Resources */,
			);
			buildRules = (
			);
			dependencies = (
				74B660F42C1CCCD700E53211 /* PBXTargetDependency */,
			);
			name = CaseServiceTests;
			productName = CaseServiceTests;
			productReference = 74B660F12C1CCCD700E53211 /* CaseServiceTests.xctest */;
			productType = "com.apple.product-type.bundle.unit-test";
		};
/* End PBXNativeTarget section */

/* Begin PBXProject section */
		74B660DE2C1CCCD700E53211 /* Project object */ = {
			isa = PBXProject;
			attributes = {
				BuildIndependentTargetsInParallel = 1;
				LastSwiftUpdateCheck = 1530;
				LastUpgradeCheck = 1530;
				TargetAttributes = {
					74B660E62C1CCCD700E53211 = {
						CreatedOnToolsVersion = 15.3;
					};
					74B660F02C1CCCD700E53211 = {
						CreatedOnToolsVersion = 15.3;
					};
				};
			};
			buildConfigurationList = 74B660E12C1CCCD700E53211 /* Build configuration list for PBXProject "CaseService" */;
			compatibilityVersion = "Xcode 14.0";
			developmentRegion = en;
			hasScannedForEncodings = 0;
			knownRegions = (
				en,
				Base,
			);
			mainGroup = 74B660DD2C1CCCD700E53211;
			packageReferences = (
				74B661012C1CCD1200E53211 /* XCRemoteSwiftPackageReference "Alamofire" */,
			);
			productRefGroup = 74B660E82C1CCCD700E53211 /* Products */;
			projectDirPath = "";
			projectRoot = "";
			targets = (
				74B660E62C1CCCD700E53211 /* CaseService */,
				74B660F02C1CCCD700E53211 /* CaseServiceTests */,
			);
		};
/* End PBXProject section */

/* Begin PBXResourcesBuildPhase section */
		74B660E52C1CCCD700E53211 /* Resources */ = {
			isa = PBXResourcesBuildPhase;
			buildActionMask = 2147483647;
			files = (
				74B6610A2C1CCDB900E53211 /* URLs.plist in Resources */,
			);
			runOnlyForDeploymentPostprocessing = 0;
		};
		74B660EF2C1CCCD700E53211 /* Resources */ = {
			isa = PBXResourcesBuildPhase;
			buildActionMask = 2147483647;
			files = (
				74B6610B2C1CCDB900E53211 /* URLs.plist in Resources */,
			);
			runOnlyForDeploymentPostprocessing = 0;
		};
/* End PBXResourcesBuildPhase section */

/* Begin PBXSourcesBuildPhase section */
		74B660E32C1CCCD700E53211 /* Sources */ = {
			isa = PBXSourcesBuildPhase;
			buildActionMask = 2147483647;
			files = (
				74B661102C1CCF7200E53211 /* Cameras.swift in Sources */,
				74B661202C1CD6B900E53211 /* URLManager.swift in Sources */,
				74B6611C2C1CD45C00E53211 /* ErrorHandler.swift in Sources */,
				74B6610D2C1CCE9D00E53211 /* Rovers.swift in Sources */,
				74B660EC2C1CCCD700E53211 /* CaseService.docc in Sources */,
				74B661132C1CD0AC00E53211 /* RoversResponse.swift in Sources */,
				74B661162C1CD29400E53211 /* RoversService.swift in Sources */,
				74B661192C1CD37700E53211 /* RoversServiceError.swift in Sources */,
			);
			runOnlyForDeploymentPostprocessing = 0;
		};
		74B660ED2C1CCCD700E53211 /* Sources */ = {
			isa = PBXSourcesBuildPhase;
			buildActionMask = 2147483647;
			files = (
				74B661112C1CCF7200E53211 /* Cameras.swift in Sources */,
				74B661212C1CD6B900E53211 /* URLManager.swift in Sources */,
				74B6611D2C1CD45C00E53211 /* ErrorHandler.swift in Sources */,
				74B6610E2C1CCE9D00E53211 /* Rovers.swift in Sources */,
				74B660F72C1CCCD700E53211 /* CaseServiceTests.swift in Sources */,
				74B661142C1CD0AC00E53211 /* RoversResponse.swift in Sources */,
				74B661172C1CD29400E53211 /* RoversService.swift in Sources */,
				74B6611A2C1CD37700E53211 /* RoversServiceError.swift in Sources */,
			);
			runOnlyForDeploymentPostprocessing = 0;
		};
/* End PBXSourcesBuildPhase section */

/* Begin PBXTargetDependency section */
		74B660F42C1CCCD700E53211 /* PBXTargetDependency */ = {
			isa = PBXTargetDependency;
			target = 74B660E62C1CCCD700E53211 /* CaseService */;
			targetProxy = 74B660F32C1CCCD700E53211 /* PBXContainerItemProxy */;
		};
/* End PBXTargetDependency section */

/* Begin XCBuildConfiguration section */
		74B660F92C1CCCD700E53211 /* Debug */ = {
			isa = XCBuildConfiguration;
			buildSettings = {
				ALWAYS_SEARCH_USER_PATHS = NO;
				ASSETCATALOG_COMPILER_GENERATE_SWIFT_ASSET_SYMBOL_EXTENSIONS = YES;
				CLANG_ANALYZER_NONNULL = YES;
				CLANG_ANALYZER_NUMBER_OBJECT_CONVERSION = YES_AGGRESSIVE;
				CLANG_CXX_LANGUAGE_STANDARD = "gnu++20";
				CLANG_ENABLE_MODULES = YES;
				CLANG_ENABLE_OBJC_ARC = YES;
				CLANG_ENABLE_OBJC_WEAK = YES;
				CLANG_WARN_BLOCK_CAPTURE_AUTORELEASING = YES;
				CLANG_WARN_BOOL_CONVERSION = YES;
				CLANG_WARN_COMMA = YES;
				CLANG_WARN_CONSTANT_CONVERSION = YES;
				CLANG_WARN_DEPRECATED_OBJC_IMPLEMENTATIONS = YES;
				CLANG_WARN_DIRECT_OBJC_ISA_USAGE = YES_ERROR;
				CLANG_WARN_DOCUMENTATION_COMMENTS = YES;
				CLANG_WARN_EMPTY_BODY = YES;
				CLANG_WARN_ENUM_CONVERSION = YES;
				CLANG_WARN_INFINITE_RECURSION = YES;
				CLANG_WARN_INT_CONVERSION = YES;
				CLANG_WARN_NON_LITERAL_NULL_CONVERSION = YES;
				CLANG_WARN_OBJC_IMPLICIT_RETAIN_SELF = YES;
				CLANG_WARN_OBJC_LITERAL_CONVERSION = YES;
				CLANG_WARN_OBJC_ROOT_CLASS = YES_ERROR;
				CLANG_WARN_QUOTED_INCLUDE_IN_FRAMEWORK_HEADER = YES;
				CLANG_WARN_RANGE_LOOP_ANALYSIS = YES;
				CLANG_WARN_STRICT_PROTOTYPES = YES;
				CLANG_WARN_SUSPICIOUS_MOVE = YES;
				CLANG_WARN_UNGUARDED_AVAILABILITY = YES_AGGRESSIVE;
				CLANG_WARN_UNREACHABLE_CODE = YES;
				CLANG_WARN__DUPLICATE_METHOD_MATCH = YES;
				COPY_PHASE_STRIP = NO;
				CURRENT_PROJECT_VERSION = 1;
				DEBUG_INFORMATION_FORMAT = dwarf;
				ENABLE_STRICT_OBJC_MSGSEND = YES;
				ENABLE_TESTABILITY = YES;
				ENABLE_USER_SCRIPT_SANDBOXING = YES;
				GCC_C_LANGUAGE_STANDARD = gnu17;
				GCC_DYNAMIC_NO_PIC = NO;
				GCC_NO_COMMON_BLOCKS = YES;
				GCC_OPTIMIZATION_LEVEL = 0;
				GCC_PREPROCESSOR_DEFINITIONS = (
					"DEBUG=1",
					"$(inherited)",
				);
				GCC_WARN_64_TO_32_BIT_CONVERSION = YES;
				GCC_WARN_ABOUT_RETURN_TYPE = YES_ERROR;
				GCC_WARN_UNDECLARED_SELECTOR = YES;
				GCC_WARN_UNINITIALIZED_AUTOS = YES_AGGRESSIVE;
				GCC_WARN_UNUSED_FUNCTION = YES;
				GCC_WARN_UNUSED_VARIABLE = YES;
				IPHONEOS_DEPLOYMENT_TARGET = 14.0;
				LOCALIZATION_PREFERS_STRING_CATALOGS = YES;
				MTL_ENABLE_DEBUG_INFO = INCLUDE_SOURCE;
				MTL_FAST_MATH = YES;
				ONLY_ACTIVE_ARCH = YES;
				SDKROOT = iphoneos;
				SWIFT_ACTIVE_COMPILATION_CONDITIONS = "DEBUG $(inherited)";
				SWIFT_OPTIMIZATION_LEVEL = "-Onone";
				VERSIONING_SYSTEM = "apple-generic";
				VERSION_INFO_PREFIX = "";
			};
			name = Debug;
		};
		74B660FA2C1CCCD700E53211 /* Release */ = {
			isa = XCBuildConfiguration;
			buildSettings = {
				ALWAYS_SEARCH_USER_PATHS = NO;
				ASSETCATALOG_COMPILER_GENERATE_SWIFT_ASSET_SYMBOL_EXTENSIONS = YES;
				CLANG_ANALYZER_NONNULL = YES;
				CLANG_ANALYZER_NUMBER_OBJECT_CONVERSION = YES_AGGRESSIVE;
				CLANG_CXX_LANGUAGE_STANDARD = "gnu++20";
				CLANG_ENABLE_MODULES = YES;
				CLANG_ENABLE_OBJC_ARC = YES;
				CLANG_ENABLE_OBJC_WEAK = YES;
				CLANG_WARN_BLOCK_CAPTURE_AUTORELEASING = YES;
				CLANG_WARN_BOOL_CONVERSION = YES;
				CLANG_WARN_COMMA = YES;
				CLANG_WARN_CONSTANT_CONVERSION = YES;
				CLANG_WARN_DEPRECATED_OBJC_IMPLEMENTATIONS = YES;
				CLANG_WARN_DIRECT_OBJC_ISA_USAGE = YES_ERROR;
				CLANG_WARN_DOCUMENTATION_COMMENTS = YES;
				CLANG_WARN_EMPTY_BODY = YES;
				CLANG_WARN_ENUM_CONVERSION = YES;
				CLANG_WARN_INFINITE_RECURSION = YES;
				CLANG_WARN_INT_CONVERSION = YES;
				CLANG_WARN_NON_LITERAL_NULL_CONVERSION = YES;
				CLANG_WARN_OBJC_IMPLICIT_RETAIN_SELF = YES;
				CLANG_WARN_OBJC_LITERAL_CONVERSION = YES;
				CLANG_WARN_OBJC_ROOT_CLASS = YES_ERROR;
				CLANG_WARN_QUOTED_INCLUDE_IN_FRAMEWORK_HEADER = YES;
				CLANG_WARN_RANGE_LOOP_ANALYSIS = YES;
				CLANG_WARN_STRICT_PROTOTYPES = YES;
				CLANG_WARN_SUSPICIOUS_MOVE = YES;
				CLANG_WARN_UNGUARDED_AVAILABILITY = YES_AGGRESSIVE;
				CLANG_WARN_UNREACHABLE_CODE = YES;
				CLANG_WARN__DUPLICATE_METHOD_MATCH = YES;
				COPY_PHASE_STRIP = NO;
				CURRENT_PROJECT_VERSION = 1;
				DEBUG_INFORMATION_FORMAT = "dwarf-with-dsym";
				ENABLE_NS_ASSERTIONS = NO;
				ENABLE_STRICT_OBJC_MSGSEND = YES;
				ENABLE_USER_SCRIPT_SANDBOXING = YES;
				GCC_C_LANGUAGE_STANDARD = gnu17;
				GCC_NO_COMMON_BLOCKS = YES;
				GCC_WARN_64_TO_32_BIT_CONVERSION = YES;
				GCC_WARN_ABOUT_RETURN_TYPE = YES_ERROR;
				GCC_WARN_UNDECLARED_SELECTOR = YES;
				GCC_WARN_UNINITIALIZED_AUTOS = YES_AGGRESSIVE;
				GCC_WARN_UNUSED_FUNCTION = YES;
				GCC_WARN_UNUSED_VARIABLE = YES;
				IPHONEOS_DEPLOYMENT_TARGET = 14.0;
				LOCALIZATION_PREFERS_STRING_CATALOGS = YES;
				MTL_ENABLE_DEBUG_INFO = NO;
				MTL_FAST_MATH = YES;
				SDKROOT = iphoneos;
				SWIFT_COMPILATION_MODE = wholemodule;
				VALIDATE_PRODUCT = YES;
				VERSIONING_SYSTEM = "apple-generic";
				VERSION_INFO_PREFIX = "";
			};
			name = Release;
		};
		74B660FC2C1CCCD700E53211 /* Debug */ = {
			isa = XCBuildConfiguration;
			buildSettings = {
				BUILD_LIBRARY_FOR_DISTRIBUTION = YES;
				CODE_SIGN_STYLE = Automatic;
				CURRENT_PROJECT_VERSION = 1;
				DEFINES_MODULE = YES;
				DEVELOPMENT_TEAM = Q5RGK848VX;
				DYLIB_COMPATIBILITY_VERSION = 1;
				DYLIB_CURRENT_VERSION = 1;
				DYLIB_INSTALL_NAME_BASE = "@rpath";
				ENABLE_MODULE_VERIFIER = YES;
				GENERATE_INFOPLIST_FILE = YES;
				INFOPLIST_KEY_NSHumanReadableCopyright = "";
				INSTALL_PATH = "$(LOCAL_LIBRARY_DIR)/Frameworks";
				IPHONEOS_DEPLOYMENT_TARGET = 14.0;
				LD_RUNPATH_SEARCH_PATHS = (
					"$(inherited)",
					"@executable_path/Frameworks",
					"@loader_path/Frameworks",
				);
				MARKETING_VERSION = 1.0;
				MODULE_VERIFIER_SUPPORTED_LANGUAGES = "objective-c objective-c++";
				MODULE_VERIFIER_SUPPORTED_LANGUAGE_STANDARDS = "gnu17 gnu++20";
				PRODUCT_BUNDLE_IDENTIFIER = com.talhagolcugezli.CaseService;
				PRODUCT_NAME = "$(TARGET_NAME:c99extidentifier)";
				SKIP_INSTALL = YES;
				SUPPORTED_PLATFORMS = "iphoneos iphonesimulator";
				SUPPORTS_MACCATALYST = NO;
				SUPPORTS_MAC_DESIGNED_FOR_IPHONE_IPAD = NO;
				SUPPORTS_XR_DESIGNED_FOR_IPHONE_IPAD = NO;
				SWIFT_EMIT_LOC_STRINGS = YES;
				SWIFT_INSTALL_OBJC_HEADER = NO;
				SWIFT_VERSION = 5.0;
				TARGETED_DEVICE_FAMILY = 1;
			};
			name = Debug;
		};
		74B660FD2C1CCCD700E53211 /* Release */ = {
			isa = XCBuildConfiguration;
			buildSettings = {
				BUILD_LIBRARY_FOR_DISTRIBUTION = YES;
				CODE_SIGN_STYLE = Automatic;
				CURRENT_PROJECT_VERSION = 1;
				DEFINES_MODULE = YES;
				DEVELOPMENT_TEAM = Q5RGK848VX;
				DYLIB_COMPATIBILITY_VERSION = 1;
				DYLIB_CURRENT_VERSION = 1;
				DYLIB_INSTALL_NAME_BASE = "@rpath";
				ENABLE_MODULE_VERIFIER = YES;
				GENERATE_INFOPLIST_FILE = YES;
				INFOPLIST_KEY_NSHumanReadableCopyright = "";
				INSTALL_PATH = "$(LOCAL_LIBRARY_DIR)/Frameworks";
				IPHONEOS_DEPLOYMENT_TARGET = 14.0;
				LD_RUNPATH_SEARCH_PATHS = (
					"$(inherited)",
					"@executable_path/Frameworks",
					"@loader_path/Frameworks",
				);
				MARKETING_VERSION = 1.0;
				MODULE_VERIFIER_SUPPORTED_LANGUAGES = "objective-c objective-c++";
				MODULE_VERIFIER_SUPPORTED_LANGUAGE_STANDARDS = "gnu17 gnu++20";
				PRODUCT_BUNDLE_IDENTIFIER = com.talhagolcugezli.CaseService;
				PRODUCT_NAME = "$(TARGET_NAME:c99extidentifier)";
				SKIP_INSTALL = YES;
				SUPPORTED_PLATFORMS = "iphoneos iphonesimulator";
				SUPPORTS_MACCATALYST = NO;
				SUPPORTS_MAC_DESIGNED_FOR_IPHONE_IPAD = NO;
				SUPPORTS_XR_DESIGNED_FOR_IPHONE_IPAD = NO;
				SWIFT_EMIT_LOC_STRINGS = YES;
				SWIFT_INSTALL_OBJC_HEADER = NO;
				SWIFT_VERSION = 5.0;
				TARGETED_DEVICE_FAMILY = 1;
			};
			name = Release;
		};
		74B660FF2C1CCCD700E53211 /* Debug */ = {
			isa = XCBuildConfiguration;
			buildSettings = {
				ALWAYS_EMBED_SWIFT_STANDARD_LIBRARIES = YES;
				CODE_SIGN_STYLE = Automatic;
				CURRENT_PROJECT_VERSION = 1;
				DEVELOPMENT_TEAM = Q5RGK848VX;
				GENERATE_INFOPLIST_FILE = YES;
				MARKETING_VERSION = 1.0;
				PRODUCT_BUNDLE_IDENTIFIER = com.talhagolcugezli.CaseServiceTests;
				PRODUCT_NAME = "$(TARGET_NAME)";
				SWIFT_EMIT_LOC_STRINGS = NO;
				SWIFT_VERSION = 5.0;
				TARGETED_DEVICE_FAMILY = "1,2";
			};
			name = Debug;
		};
		74B661002C1CCCD700E53211 /* Release */ = {
			isa = XCBuildConfiguration;
			buildSettings = {
				ALWAYS_EMBED_SWIFT_STANDARD_LIBRARIES = YES;
				CODE_SIGN_STYLE = Automatic;
				CURRENT_PROJECT_VERSION = 1;
				DEVELOPMENT_TEAM = Q5RGK848VX;
				GENERATE_INFOPLIST_FILE = YES;
				MARKETING_VERSION = 1.0;
				PRODUCT_BUNDLE_IDENTIFIER = com.talhagolcugezli.CaseServiceTests;
				PRODUCT_NAME = "$(TARGET_NAME)";
				SWIFT_EMIT_LOC_STRINGS = NO;
				SWIFT_VERSION = 5.0;
				TARGETED_DEVICE_FAMILY = "1,2";
			};
			name = Release;
		};
/* End XCBuildConfiguration section */

/* Begin XCConfigurationList section */
		74B660E12C1CCCD700E53211 /* Build configuration list for PBXProject "CaseService" */ = {
			isa = XCConfigurationList;
			buildConfigurations = (
				74B660F92C1CCCD700E53211 /* Debug */,
				74B660FA2C1CCCD700E53211 /* Release */,
			);
			defaultConfigurationIsVisible = 0;
			defaultConfigurationName = Release;
		};
		74B660FB2C1CCCD700E53211 /* Build configuration list for PBXNativeTarget "CaseService" */ = {
			isa = XCConfigurationList;
			buildConfigurations = (
				74B660FC2C1CCCD700E53211 /* Debug */,
				74B660FD2C1CCCD700E53211 /* Release */,
			);
			defaultConfigurationIsVisible = 0;
			defaultConfigurationName = Release;
		};
		74B660FE2C1CCCD700E53211 /* Build configuration list for PBXNativeTarget "CaseServiceTests" */ = {
			isa = XCConfigurationList;
			buildConfigurations = (
				74B660FF2C1CCCD700E53211 /* Debug */,
				74B661002C1CCCD700E53211 /* Release */,
			);
			defaultConfigurationIsVisible = 0;
			defaultConfigurationName = Release;
		};
/* End XCConfigurationList section */

/* Begin XCRemoteSwiftPackageReference section */
		74B661012C1CCD1200E53211 /* XCRemoteSwiftPackageReference "Alamofire" */ = {
			isa = XCRemoteSwiftPackageReference;
			repositoryURL = "https://github.com/Alamofire/Alamofire.git";
			requirement = {
				kind = upToNextMajorVersion;
				minimumVersion = 5.9.1;
			};
		};
/* End XCRemoteSwiftPackageReference section */

/* Begin XCSwiftPackageProductDependency section */
		74B661022C1CCD1200E53211 /* Alamofire */ = {
			isa = XCSwiftPackageProductDependency;
			package = 74B661012C1CCD1200E53211 /* XCRemoteSwiftPackageReference "Alamofire" */;
			productName = Alamofire;
		};
		74B661042C1CCD1200E53211 /* AlamofireDynamic */ = {
			isa = XCSwiftPackageProductDependency;
			package = 74B661012C1CCD1200E53211 /* XCRemoteSwiftPackageReference "Alamofire" */;
			productName = AlamofireDynamic;
		};
/* End XCSwiftPackageProductDependency section */
	};
	rootObject = 74B660DE2C1CCCD700E53211 /* Project object */;
}
